# This file is automatically @generated by Cargo.
# It is not intended for manual editing.
[[package]]
name = "atty"
version = "0.2.14"
source = "registry+https://github.com/rust-lang/crates.io-index"
dependencies = [
 "hermit-abi 0.1.19 (registry+https://github.com/rust-lang/crates.io-index)",
 "libc 0.2.118 (registry+https://github.com/rust-lang/crates.io-index)",
 "winapi 0.3.9 (registry+https://github.com/rust-lang/crates.io-index)",
]

[[package]]
name = "autocfg"
version = "1.1.0"
source = "registry+https://github.com/rust-lang/crates.io-index"

[[package]]
name = "bitflags"
version = "1.2.1"
source = "registry+https://github.com/rust-lang/crates.io-index"

[[package]]
name = "bstr"
version = "0.2.15"
source = "registry+https://github.com/rust-lang/crates.io-index"
dependencies = [
 "lazy_static 1.4.0 (registry+https://github.com/rust-lang/crates.io-index)",
 "memchr 2.3.4 (registry+https://github.com/rust-lang/crates.io-index)",
 "regex-automata 0.1.10 (registry+https://github.com/rust-lang/crates.io-index)",
 "serde 1.0.136 (registry+https://github.com/rust-lang/crates.io-index)",
]

[[package]]
name = "bumpalo"
version = "3.9.1"
source = "registry+https://github.com/rust-lang/crates.io-index"

[[package]]
name = "cast"
version = "0.2.7"
source = "registry+https://github.com/rust-lang/crates.io-index"
dependencies = [
 "rustc_version 0.4.0 (registry+https://github.com/rust-lang/crates.io-index)",
]

[[package]]
name = "cfg-if"
version = "1.0.0"
source = "registry+https://github.com/rust-lang/crates.io-index"

[[package]]
name = "clap"
version = "2.33.4"
source = "registry+https://github.com/rust-lang/crates.io-index"
dependencies = [
 "bitflags 1.2.1 (registry+https://github.com/rust-lang/crates.io-index)",
 "textwrap 0.11.0 (registry+https://github.com/rust-lang/crates.io-index)",
 "unicode-width 0.1.9 (registry+https://github.com/rust-lang/crates.io-index)",
]

[[package]]
name = "criterion"
version = "0.3.4"
source = "registry+https://github.com/rust-lang/crates.io-index"
dependencies = [
 "atty 0.2.14 (registry+https://github.com/rust-lang/crates.io-index)",
 "cast 0.2.7 (registry+https://github.com/rust-lang/crates.io-index)",
 "clap 2.33.4 (registry+https://github.com/rust-lang/crates.io-index)",
 "criterion-plot 0.4.4 (registry+https://github.com/rust-lang/crates.io-index)",
 "csv 1.1.6 (registry+https://github.com/rust-lang/crates.io-index)",
 "itertools 0.10.3 (registry+https://github.com/rust-lang/crates.io-index)",
 "lazy_static 1.4.0 (registry+https://github.com/rust-lang/crates.io-index)",
 "num-traits 0.2.14 (registry+https://github.com/rust-lang/crates.io-index)",
 "oorandom 11.1.3 (registry+https://github.com/rust-lang/crates.io-index)",
 "plotters 0.3.1 (registry+https://github.com/rust-lang/crates.io-index)",
 "rayon 1.5.1 (registry+https://github.com/rust-lang/crates.io-index)",
 "regex 1.5.4 (registry+https://github.com/rust-lang/crates.io-index)",
 "serde 1.0.136 (registry+https://github.com/rust-lang/crates.io-index)",
 "serde_cbor 0.11.2 (registry+https://github.com/rust-lang/crates.io-index)",
 "serde_derive 1.0.136 (registry+https://github.com/rust-lang/crates.io-index)",
 "serde_json 1.0.79 (registry+https://github.com/rust-lang/crates.io-index)",
 "tinytemplate 1.2.1 (registry+https://github.com/rust-lang/crates.io-index)",
 "walkdir 2.3.2 (registry+https://github.com/rust-lang/crates.io-index)",
]

[[package]]
name = "criterion-plot"
version = "0.4.4"
source = "registry+https://github.com/rust-lang/crates.io-index"
dependencies = [
 "cast 0.2.7 (registry+https://github.com/rust-lang/crates.io-index)",
 "itertools 0.10.3 (registry+https://github.com/rust-lang/crates.io-index)",
]

[[package]]
name = "crossbeam-channel"
version = "0.5.2"
source = "registry+https://github.com/rust-lang/crates.io-index"
dependencies = [
 "cfg-if 1.0.0 (registry+https://github.com/rust-lang/crates.io-index)",
 "crossbeam-utils 0.8.7 (registry+https://github.com/rust-lang/crates.io-index)",
]

[[package]]
name = "crossbeam-deque"
version = "0.8.1"
source = "registry+https://github.com/rust-lang/crates.io-index"
dependencies = [
 "cfg-if 1.0.0 (registry+https://github.com/rust-lang/crates.io-index)",
 "crossbeam-epoch 0.9.7 (registry+https://github.com/rust-lang/crates.io-index)",
 "crossbeam-utils 0.8.7 (registry+https://github.com/rust-lang/crates.io-index)",
]

[[package]]
name = "crossbeam-epoch"
version = "0.9.7"
source = "registry+https://github.com/rust-lang/crates.io-index"
dependencies = [
 "cfg-if 1.0.0 (registry+https://github.com/rust-lang/crates.io-index)",
 "crossbeam-utils 0.8.7 (registry+https://github.com/rust-lang/crates.io-index)",
 "lazy_static 1.4.0 (registry+https://github.com/rust-lang/crates.io-index)",
 "memoffset 0.6.5 (registry+https://github.com/rust-lang/crates.io-index)",
 "scopeguard 1.1.0 (registry+https://github.com/rust-lang/crates.io-index)",
]

[[package]]
name = "crossbeam-utils"
version = "0.8.7"
source = "registry+https://github.com/rust-lang/crates.io-index"
dependencies = [
 "cfg-if 1.0.0 (registry+https://github.com/rust-lang/crates.io-index)",
 "lazy_static 1.4.0 (registry+https://github.com/rust-lang/crates.io-index)",
]

[[package]]
name = "csv"
version = "1.1.6"
source = "registry+https://github.com/rust-lang/crates.io-index"
dependencies = [
 "bstr 0.2.15 (registry+https://github.com/rust-lang/crates.io-index)",
 "csv-core 0.1.10 (registry+https://github.com/rust-lang/crates.io-index)",
 "itoa 0.4.8 (registry+https://github.com/rust-lang/crates.io-index)",
 "ryu 1.0.9 (registry+https://github.com/rust-lang/crates.io-index)",
 "serde 1.0.136 (registry+https://github.com/rust-lang/crates.io-index)",
]

[[package]]
name = "csv-core"
version = "0.1.10"
source = "registry+https://github.com/rust-lang/crates.io-index"
dependencies = [
 "memchr 2.3.4 (registry+https://github.com/rust-lang/crates.io-index)",
]

[[package]]
name = "either"
version = "1.6.1"
source = "registry+https://github.com/rust-lang/crates.io-index"

[[package]]
name = "generators"
version = "0.3.0"
dependencies = [
 "primal-check 0.3.1",
 "primal-slowsieve 0.3.0",
]

[[package]]
name = "half"
version = "1.7.1"
source = "registry+https://github.com/rust-lang/crates.io-index"

[[package]]
name = "hamming"
version = "0.1.3"
source = "registry+https://github.com/rust-lang/crates.io-index"

[[package]]
name = "hermit-abi"
version = "0.1.19"
source = "registry+https://github.com/rust-lang/crates.io-index"
dependencies = [
 "libc 0.2.118 (registry+https://github.com/rust-lang/crates.io-index)",
]

[[package]]
name = "itertools"
version = "0.10.3"
source = "registry+https://github.com/rust-lang/crates.io-index"
dependencies = [
 "either 1.6.1 (registry+https://github.com/rust-lang/crates.io-index)",
]

[[package]]
name = "itoa"
version = "0.4.8"
source = "registry+https://github.com/rust-lang/crates.io-index"

[[package]]
name = "itoa"
version = "1.0.1"
source = "registry+https://github.com/rust-lang/crates.io-index"

[[package]]
name = "js-sys"
version = "0.3.56"
source = "registry+https://github.com/rust-lang/crates.io-index"
dependencies = [
 "wasm-bindgen 0.2.79 (registry+https://github.com/rust-lang/crates.io-index)",
]

[[package]]
name = "lazy_static"
version = "1.4.0"
source = "registry+https://github.com/rust-lang/crates.io-index"

[[package]]
name = "libc"
version = "0.2.118"
source = "registry+https://github.com/rust-lang/crates.io-index"

[[package]]
name = "log"
version = "0.4.14"
source = "registry+https://github.com/rust-lang/crates.io-index"
dependencies = [
 "cfg-if 1.0.0 (registry+https://github.com/rust-lang/crates.io-index)",
]

[[package]]
name = "memchr"
version = "2.3.4"
source = "registry+https://github.com/rust-lang/crates.io-index"

[[package]]
name = "memoffset"
version = "0.6.5"
source = "registry+https://github.com/rust-lang/crates.io-index"
dependencies = [
 "autocfg 1.1.0 (registry+https://github.com/rust-lang/crates.io-index)",
]

[[package]]
name = "num-integer"
version = "0.1.44"
source = "registry+https://github.com/rust-lang/crates.io-index"
dependencies = [
 "autocfg 1.1.0 (registry+https://github.com/rust-lang/crates.io-index)",
 "num-traits 0.2.14 (registry+https://github.com/rust-lang/crates.io-index)",
]

[[package]]
name = "num-traits"
version = "0.2.14"
source = "registry+https://github.com/rust-lang/crates.io-index"
dependencies = [
 "autocfg 1.1.0 (registry+https://github.com/rust-lang/crates.io-index)",
]

[[package]]
name = "num_cpus"
version = "1.13.1"
source = "registry+https://github.com/rust-lang/crates.io-index"
dependencies = [
 "hermit-abi 0.1.19 (registry+https://github.com/rust-lang/crates.io-index)",
 "libc 0.2.118 (registry+https://github.com/rust-lang/crates.io-index)",
]

[[package]]
name = "oorandom"
version = "11.1.3"
source = "registry+https://github.com/rust-lang/crates.io-index"

[[package]]
name = "plotters"
version = "0.3.1"
source = "registry+https://github.com/rust-lang/crates.io-index"
dependencies = [
 "num-traits 0.2.14 (registry+https://github.com/rust-lang/crates.io-index)",
 "plotters-backend 0.3.2 (registry+https://github.com/rust-lang/crates.io-index)",
 "plotters-svg 0.3.1 (registry+https://github.com/rust-lang/crates.io-index)",
 "wasm-bindgen 0.2.79 (registry+https://github.com/rust-lang/crates.io-index)",
 "web-sys 0.3.56 (registry+https://github.com/rust-lang/crates.io-index)",
]

[[package]]
name = "plotters-backend"
version = "0.3.2"
source = "registry+https://github.com/rust-lang/crates.io-index"

[[package]]
name = "plotters-svg"
version = "0.3.1"
source = "registry+https://github.com/rust-lang/crates.io-index"
dependencies = [
 "plotters-backend 0.3.2 (registry+https://github.com/rust-lang/crates.io-index)",
]

[[package]]
name = "primal"
version = "0.3.0"
dependencies = [
 "criterion 0.3.4 (registry+https://github.com/rust-lang/crates.io-index)",
 "primal-check 0.3.1",
 "primal-estimate 0.3.1",
 "primal-sieve 0.3.1",
 "primal-slowsieve 0.3.0",
]

[[package]]
name = "primal-bit"
version = "0.3.0"
dependencies = [
 "hamming 0.1.3 (registry+https://github.com/rust-lang/crates.io-index)",
]

[[package]]
name = "primal-check"
version = "0.3.1"
dependencies = [
 "num-integer 0.1.44 (registry+https://github.com/rust-lang/crates.io-index)",
 "primal 0.3.0",
]

[[package]]
name = "primal-estimate"
version = "0.3.1"
dependencies = [
 "primal 0.3.0",
]

[[package]]
name = "primal-sieve"
version = "0.3.1"
dependencies = [
 "criterion 0.3.4 (registry+https://github.com/rust-lang/crates.io-index)",
 "primal 0.3.0",
 "primal-bit 0.3.0",
 "primal-estimate 0.3.1",
 "primal-slowsieve 0.3.0",
 "smallvec 1.8.0 (registry+https://github.com/rust-lang/crates.io-index)",
]

[[package]]
name = "primal-slowsieve"
version = "0.3.0"
dependencies = [
 "criterion 0.3.4 (registry+https://github.com/rust-lang/crates.io-index)",
 "primal-bit 0.3.0",
 "primal-estimate 0.3.1",
]

[[package]]
name = "proc-macro2"
version = "1.0.36"
source = "registry+https://github.com/rust-lang/crates.io-index"
dependencies = [
 "unicode-xid 0.2.2 (registry+https://github.com/rust-lang/crates.io-index)",
]

[[package]]
name = "quote"
version = "1.0.15"
source = "registry+https://github.com/rust-lang/crates.io-index"
dependencies = [
 "proc-macro2 1.0.36 (registry+https://github.com/rust-lang/crates.io-index)",
]

[[package]]
name = "rayon"
version = "1.5.1"
source = "registry+https://github.com/rust-lang/crates.io-index"
dependencies = [
 "autocfg 1.1.0 (registry+https://github.com/rust-lang/crates.io-index)",
 "crossbeam-deque 0.8.1 (registry+https://github.com/rust-lang/crates.io-index)",
 "either 1.6.1 (registry+https://github.com/rust-lang/crates.io-index)",
 "rayon-core 1.9.1 (registry+https://github.com/rust-lang/crates.io-index)",
]

[[package]]
name = "rayon-core"
version = "1.9.1"
source = "registry+https://github.com/rust-lang/crates.io-index"
dependencies = [
 "crossbeam-channel 0.5.2 (registry+https://github.com/rust-lang/crates.io-index)",
 "crossbeam-deque 0.8.1 (registry+https://github.com/rust-lang/crates.io-index)",
 "crossbeam-utils 0.8.7 (registry+https://github.com/rust-lang/crates.io-index)",
 "lazy_static 1.4.0 (registry+https://github.com/rust-lang/crates.io-index)",
 "num_cpus 1.13.1 (registry+https://github.com/rust-lang/crates.io-index)",
]

[[package]]
name = "regex"
version = "1.5.4"
source = "registry+https://github.com/rust-lang/crates.io-index"
dependencies = [
 "regex-syntax 0.6.25 (registry+https://github.com/rust-lang/crates.io-index)",
]

[[package]]
name = "regex-automata"
version = "0.1.10"
source = "registry+https://github.com/rust-lang/crates.io-index"

[[package]]
name = "regex-syntax"
version = "0.6.25"
source = "registry+https://github.com/rust-lang/crates.io-index"

[[package]]
name = "rustc_version"
version = "0.4.0"
source = "registry+https://github.com/rust-lang/crates.io-index"
dependencies = [
 "semver 1.0.5 (registry+https://github.com/rust-lang/crates.io-index)",
]

[[package]]
name = "ryu"
version = "1.0.9"
source = "registry+https://github.com/rust-lang/crates.io-index"

[[package]]
name = "same-file"
version = "1.0.6"
source = "registry+https://github.com/rust-lang/crates.io-index"
dependencies = [
 "winapi-util 0.1.5 (registry+https://github.com/rust-lang/crates.io-index)",
]

[[package]]
name = "scopeguard"
version = "1.1.0"
source = "registry+https://github.com/rust-lang/crates.io-index"

[[package]]
name = "semver"
version = "1.0.5"
source = "registry+https://github.com/rust-lang/crates.io-index"

[[package]]
name = "serde"
version = "1.0.136"
source = "registry+https://github.com/rust-lang/crates.io-index"

[[package]]
name = "serde_cbor"
version = "0.11.2"
source = "registry+https://github.com/rust-lang/crates.io-index"
dependencies = [
 "half 1.7.1 (registry+https://github.com/rust-lang/crates.io-index)",
 "serde 1.0.136 (registry+https://github.com/rust-lang/crates.io-index)",
]

[[package]]
name = "serde_derive"
version = "1.0.136"
source = "registry+https://github.com/rust-lang/crates.io-index"
dependencies = [
 "proc-macro2 1.0.36 (registry+https://github.com/rust-lang/crates.io-index)",
 "quote 1.0.15 (registry+https://github.com/rust-lang/crates.io-index)",
 "syn 1.0.86 (registry+https://github.com/rust-lang/crates.io-index)",
]

[[package]]
name = "serde_json"
version = "1.0.79"
source = "registry+https://github.com/rust-lang/crates.io-index"
dependencies = [
 "itoa 1.0.1 (registry+https://github.com/rust-lang/crates.io-index)",
 "ryu 1.0.9 (registry+https://github.com/rust-lang/crates.io-index)",
 "serde 1.0.136 (registry+https://github.com/rust-lang/crates.io-index)",
]

[[package]]
name = "smallvec"
version = "1.8.0"
source = "registry+https://github.com/rust-lang/crates.io-index"

[[package]]
name = "syn"
version = "1.0.86"
source = "registry+https://github.com/rust-lang/crates.io-index"
dependencies = [
 "proc-macro2 1.0.36 (registry+https://github.com/rust-lang/crates.io-index)",
 "quote 1.0.15 (registry+https://github.com/rust-lang/crates.io-index)",
 "unicode-xid 0.2.2 (registry+https://github.com/rust-lang/crates.io-index)",
]

[[package]]
name = "textwrap"
version = "0.11.0"
source = "registry+https://github.com/rust-lang/crates.io-index"
dependencies = [
 "unicode-width 0.1.9 (registry+https://github.com/rust-lang/crates.io-index)",
]

[[package]]
name = "tinytemplate"
version = "1.2.1"
source = "registry+https://github.com/rust-lang/crates.io-index"
dependencies = [
 "serde 1.0.136 (registry+https://github.com/rust-lang/crates.io-index)",
 "serde_json 1.0.79 (registry+https://github.com/rust-lang/crates.io-index)",
]

[[package]]
name = "unicode-width"
version = "0.1.9"
source = "registry+https://github.com/rust-lang/crates.io-index"

[[package]]
name = "unicode-xid"
version = "0.2.2"
source = "registry+https://github.com/rust-lang/crates.io-index"

[[package]]
name = "walkdir"
version = "2.3.2"
source = "registry+https://github.com/rust-lang/crates.io-index"
dependencies = [
 "same-file 1.0.6 (registry+https://github.com/rust-lang/crates.io-index)",
 "winapi 0.3.9 (registry+https://github.com/rust-lang/crates.io-index)",
 "winapi-util 0.1.5 (registry+https://github.com/rust-lang/crates.io-index)",
]

[[package]]
name = "wasm-bindgen"
version = "0.2.79"
source = "registry+https://github.com/rust-lang/crates.io-index"
dependencies = [
 "cfg-if 1.0.0 (registry+https://github.com/rust-lang/crates.io-index)",
 "wasm-bindgen-macro 0.2.79 (registry+https://github.com/rust-lang/crates.io-index)",
]

[[package]]
name = "wasm-bindgen-backend"
version = "0.2.79"
source = "registry+https://github.com/rust-lang/crates.io-index"
dependencies = [
 "bumpalo 3.9.1 (registry+https://github.com/rust-lang/crates.io-index)",
 "lazy_static 1.4.0 (registry+https://github.com/rust-lang/crates.io-index)",
 "log 0.4.14 (registry+https://github.com/rust-lang/crates.io-index)",
 "proc-macro2 1.0.36 (registry+https://github.com/rust-lang/crates.io-index)",
 "quote 1.0.15 (registry+https://github.com/rust-lang/crates.io-index)",
 "syn 1.0.86 (registry+https://github.com/rust-lang/crates.io-index)",
 "wasm-bindgen-shared 0.2.79 (registry+https://github.com/rust-lang/crates.io-index)",
]

[[package]]
name = "wasm-bindgen-macro"
version = "0.2.79"
source = "registry+https://github.com/rust-lang/crates.io-index"
dependencies = [
 "quote 1.0.15 (registry+https://github.com/rust-lang/crates.io-index)",
 "wasm-bindgen-macro-support 0.2.79 (registry+https://github.com/rust-lang/crates.io-index)",
]

[[package]]
name = "wasm-bindgen-macro-support"
version = "0.2.79"
source = "registry+https://github.com/rust-lang/crates.io-index"
dependencies = [
 "proc-macro2 1.0.36 (registry+https://github.com/rust-lang/crates.io-index)",
 "quote 1.0.15 (registry+https://github.com/rust-lang/crates.io-index)",
 "syn 1.0.86 (registry+https://github.com/rust-lang/crates.io-index)",
 "wasm-bindgen-backend 0.2.79 (registry+https://github.com/rust-lang/crates.io-index)",
 "wasm-bindgen-shared 0.2.79 (registry+https://github.com/rust-lang/crates.io-index)",
]

[[package]]
name = "wasm-bindgen-shared"
version = "0.2.79"
source = "registry+https://github.com/rust-lang/crates.io-index"

[[package]]
name = "web-sys"
version = "0.3.56"
source = "registry+https://github.com/rust-lang/crates.io-index"
dependencies = [
 "js-sys 0.3.56 (registry+https://github.com/rust-lang/crates.io-index)",
 "wasm-bindgen 0.2.79 (registry+https://github.com/rust-lang/crates.io-index)",
]

[[package]]
name = "winapi"
version = "0.3.9"
source = "registry+https://github.com/rust-lang/crates.io-index"
dependencies = [
 "winapi-i686-pc-windows-gnu 0.4.0 (registry+https://github.com/rust-lang/crates.io-index)",
 "winapi-x86_64-pc-windows-gnu 0.4.0 (registry+https://github.com/rust-lang/crates.io-index)",
]

[[package]]
name = "winapi-i686-pc-windows-gnu"
version = "0.4.0"
source = "registry+https://github.com/rust-lang/crates.io-index"

[[package]]
name = "winapi-util"
version = "0.1.5"
source = "registry+https://github.com/rust-lang/crates.io-index"
dependencies = [
 "winapi 0.3.9 (registry+https://github.com/rust-lang/crates.io-index)",
]

[[package]]
name = "winapi-x86_64-pc-windows-gnu"
version = "0.4.0"
source = "registry+https://github.com/rust-lang/crates.io-index"

[metadata]
"checksum atty 0.2.14 (registry+https://github.com/rust-lang/crates.io-index)" = "d9b39be18770d11421cdb1b9947a45dd3f37e93092cbf377614828a319d5fee8"
"checksum autocfg 1.1.0 (registry+https://github.com/rust-lang/crates.io-index)" = "d468802bab17cbc0cc575e9b053f41e72aa36bfa6b7f55e3529ffa43161b97fa"
"checksum bitflags 1.2.1 (registry+https://github.com/rust-lang/crates.io-index)" = "cf1de2fe8c75bc145a2f577add951f8134889b4795d47466a54a5c846d691693"
"checksum bstr 0.2.15 (registry+https://github.com/rust-lang/crates.io-index)" = "a40b47ad93e1a5404e6c18dec46b628214fee441c70f4ab5d6942142cc268a3d"
"checksum bumpalo 3.9.1 (registry+https://github.com/rust-lang/crates.io-index)" = "a4a45a46ab1f2412e53d3a0ade76ffad2025804294569aae387231a0cd6e0899"
"checksum cast 0.2.7 (registry+https://github.com/rust-lang/crates.io-index)" = "4c24dab4283a142afa2fdca129b80ad2c6284e073930f964c3a1293c225ee39a"
"checksum cfg-if 1.0.0 (registry+https://github.com/rust-lang/crates.io-index)" = "baf1de4339761588bc0619e3cbc0120ee582ebb74b53b4efbf79117bd2da40fd"
"checksum clap 2.33.4 (registry+https://github.com/rust-lang/crates.io-index)" = "826bf7bc84f9435630275cb8e802a4a0ec792b615969934bd16d42ffed10f207"
"checksum criterion 0.3.4 (registry+https://github.com/rust-lang/crates.io-index)" = "ab327ed7354547cc2ef43cbe20ef68b988e70b4b593cbd66a2a61733123a3d23"
"checksum criterion-plot 0.4.4 (registry+https://github.com/rust-lang/crates.io-index)" = "d00996de9f2f7559f7f4dc286073197f83e92256a59ed395f9aac01fe717da57"
"checksum crossbeam-channel 0.5.2 (registry+https://github.com/rust-lang/crates.io-index)" = "e54ea8bc3fb1ee042f5aace6e3c6e025d3874866da222930f70ce62aceba0bfa"
"checksum crossbeam-deque 0.8.1 (registry+https://github.com/rust-lang/crates.io-index)" = "6455c0ca19f0d2fbf751b908d5c55c1f5cbc65e03c4225427254b46890bdde1e"
"checksum crossbeam-epoch 0.9.7 (registry+https://github.com/rust-lang/crates.io-index)" = "c00d6d2ea26e8b151d99093005cb442fb9a37aeaca582a03ec70946f49ab5ed9"
"checksum crossbeam-utils 0.8.7 (registry+https://github.com/rust-lang/crates.io-index)" = "b5e5bed1f1c269533fa816a0a5492b3545209a205ca1a54842be180eb63a16a6"
"checksum csv 1.1.6 (registry+https://github.com/rust-lang/crates.io-index)" = "22813a6dc45b335f9bade10bf7271dc477e81113e89eb251a0bc2a8a81c536e1"
"checksum csv-core 0.1.10 (registry+https://github.com/rust-lang/crates.io-index)" = "2b2466559f260f48ad25fe6317b3c8dac77b5bdb5763ac7d9d6103530663bc90"
"checksum either 1.6.1 (registry+https://github.com/rust-lang/crates.io-index)" = "e78d4f1cc4ae33bbfc157ed5d5a5ef3bc29227303d595861deb238fcec4e9457"
"checksum half 1.7.1 (registry+https://github.com/rust-lang/crates.io-index)" = "62aca2aba2d62b4a7f5b33f3712cb1b0692779a56fb510499d5c0aa594daeaf3"
"checksum hamming 0.1.3 (registry+https://github.com/rust-lang/crates.io-index)" = "65043da274378d68241eb9a8f8f8aa54e349136f7b8e12f63e3ef44043cc30e1"
"checksum hermit-abi 0.1.19 (registry+https://github.com/rust-lang/crates.io-index)" = "62b467343b94ba476dcb2500d242dadbb39557df889310ac77c5d99100aaac33"
"checksum itertools 0.10.3 (registry+https://github.com/rust-lang/crates.io-index)" = "a9a9d19fa1e79b6215ff29b9d6880b706147f16e9b1dbb1e4e5947b5b02bc5e3"
"checksum itoa 0.4.8 (registry+https://github.com/rust-lang/crates.io-index)" = "b71991ff56294aa922b450139ee08b3bfc70982c6b2c7562771375cf73542dd4"
"checksum itoa 1.0.1 (registry+https://github.com/rust-lang/crates.io-index)" = "1aab8fc367588b89dcee83ab0fd66b72b50b72fa1904d7095045ace2b0c81c35"
"checksum js-sys 0.3.56 (registry+https://github.com/rust-lang/crates.io-index)" = "a38fc24e30fd564ce974c02bf1d337caddff65be6cc4735a1f7eab22a7440f04"
"checksum lazy_static 1.4.0 (registry+https://github.com/rust-lang/crates.io-index)" = "e2abad23fbc42b3700f2f279844dc832adb2b2eb069b2df918f455c4e18cc646"
"checksum libc 0.2.118 (registry+https://github.com/rust-lang/crates.io-index)" = "06e509672465a0504304aa87f9f176f2b2b716ed8fb105ebe5c02dc6dce96a94"
"checksum log 0.4.14 (registry+https://github.com/rust-lang/crates.io-index)" = "51b9bbe6c47d51fc3e1a9b945965946b4c44142ab8792c50835a980d362c2710"
"checksum memchr 2.3.4 (registry+https://github.com/rust-lang/crates.io-index)" = "0ee1c47aaa256ecabcaea351eae4a9b01ef39ed810004e298d2511ed284b1525"
"checksum memoffset 0.6.5 (registry+https://github.com/rust-lang/crates.io-index)" = "5aa361d4faea93603064a027415f07bd8e1d5c88c9fbf68bf56a285428fd79ce"
"checksum num-integer 0.1.44 (registry+https://github.com/rust-lang/crates.io-index)" = "d2cc698a63b549a70bc047073d2949cce27cd1c7b0a4a862d08a8031bc2801db"
"checksum num-traits 0.2.14 (registry+https://github.com/rust-lang/crates.io-index)" = "9a64b1ec5cda2586e284722486d802acf1f7dbdc623e2bfc57e65ca1cd099290"
"checksum num_cpus 1.13.1 (registry+https://github.com/rust-lang/crates.io-index)" = "19e64526ebdee182341572e50e9ad03965aa510cd94427a4549448f285e957a1"
"checksum oorandom 11.1.3 (registry+https://github.com/rust-lang/crates.io-index)" = "0ab1bc2a289d34bd04a330323ac98a1b4bc82c9d9fcb1e66b63caa84da26b575"
"checksum plotters 0.3.1 (registry+https://github.com/rust-lang/crates.io-index)" = "32a3fd9ec30b9749ce28cd91f255d569591cdf937fe280c312143e3c4bad6f2a"
"checksum plotters-backend 0.3.2 (registry+https://github.com/rust-lang/crates.io-index)" = "d88417318da0eaf0fdcdb51a0ee6c3bed624333bff8f946733049380be67ac1c"
"checksum plotters-svg 0.3.1 (registry+https://github.com/rust-lang/crates.io-index)" = "521fa9638fa597e1dc53e9412a4f9cefb01187ee1f7413076f9e6749e2885ba9"
"checksum proc-macro2 1.0.36 (registry+https://github.com/rust-lang/crates.io-index)" = "c7342d5883fbccae1cc37a2353b09c87c9b0f3afd73f5fb9bba687a1f733b029"
"checksum quote 1.0.15 (registry+https://github.com/rust-lang/crates.io-index)" = "864d3e96a899863136fc6e99f3d7cae289dafe43bf2c5ac19b70df7210c0a145"
"checksum rayon 1.5.1 (registry+https://github.com/rust-lang/crates.io-index)" = "c06aca804d41dbc8ba42dfd964f0d01334eceb64314b9ecf7c5fad5188a06d90"
"checksum rayon-core 1.9.1 (registry+https://github.com/rust-lang/crates.io-index)" = "d78120e2c850279833f1dd3582f730c4ab53ed95aeaaaa862a2a5c71b1656d8e"
"checksum regex 1.5.4 (registry+https://github.com/rust-lang/crates.io-index)" = "d07a8629359eb56f1e2fb1652bb04212c072a87ba68546a04065d525673ac461"
"checksum regex-automata 0.1.10 (registry+https://github.com/rust-lang/crates.io-index)" = "6c230d73fb8d8c1b9c0b3135c5142a8acee3a0558fb8db5cf1cb65f8d7862132"
"checksum regex-syntax 0.6.25 (registry+https://github.com/rust-lang/crates.io-index)" = "f497285884f3fcff424ffc933e56d7cbca511def0c9831a7f9b5f6153e3cc89b"
"checksum rustc_version 0.4.0 (registry+https://github.com/rust-lang/crates.io-index)" = "bfa0f585226d2e68097d4f95d113b15b83a82e819ab25717ec0590d9584ef366"
"checksum ryu 1.0.9 (registry+https://github.com/rust-lang/crates.io-index)" = "73b4b750c782965c211b42f022f59af1fbceabdd026623714f104152f1ec149f"
"checksum same-file 1.0.6 (registry+https://github.com/rust-lang/crates.io-index)" = "93fc1dc3aaa9bfed95e02e6eadabb4baf7e3078b0bd1b4d7b6b0b68378900502"
"checksum scopeguard 1.1.0 (registry+https://github.com/rust-lang/crates.io-index)" = "d29ab0c6d3fc0ee92fe66e2d99f700eab17a8d57d1c1d3b748380fb20baa78cd"
"checksum semver 1.0.5 (registry+https://github.com/rust-lang/crates.io-index)" = "0486718e92ec9a68fbed73bb5ef687d71103b142595b406835649bebd33f72c7"
"checksum serde 1.0.136 (registry+https://github.com/rust-lang/crates.io-index)" = "ce31e24b01e1e524df96f1c2fdd054405f8d7376249a5110886fb4b658484789"
"checksum serde_cbor 0.11.2 (registry+https://github.com/rust-lang/crates.io-index)" = "2bef2ebfde456fb76bbcf9f59315333decc4fda0b2b44b420243c11e0f5ec1f5"
"checksum serde_derive 1.0.136 (registry+https://github.com/rust-lang/crates.io-index)" = "08597e7152fcd306f41838ed3e37be9eaeed2b61c42e2117266a554fab4662f9"
"checksum serde_json 1.0.79 (registry+https://github.com/rust-lang/crates.io-index)" = "8e8d9fa5c3b304765ce1fd9c4c8a3de2c8db365a5b91be52f186efc675681d95"
"checksum smallvec 1.8.0 (registry+https://github.com/rust-lang/crates.io-index)" = "f2dd574626839106c320a323308629dcb1acfc96e32a8cba364ddc61ac23ee83"
"checksum syn 1.0.86 (registry+https://github.com/rust-lang/crates.io-index)" = "8a65b3f4ffa0092e9887669db0eae07941f023991ab58ea44da8fe8e2d511c6b"
"checksum textwrap 0.11.0 (registry+https://github.com/rust-lang/crates.io-index)" = "d326610f408c7a4eb6f51c37c330e496b08506c9457c9d34287ecc38809fb060"
"checksum tinytemplate 1.2.1 (registry+https://github.com/rust-lang/crates.io-index)" = "be4d6b5f19ff7664e8c98d03e2139cb510db9b0a60b55f8e8709b689d939b6bc"
"checksum unicode-width 0.1.9 (registry+https://github.com/rust-lang/crates.io-index)" = "3ed742d4ea2bd1176e236172c8429aaf54486e7ac098db29ffe6529e0ce50973"
"checksum unicode-xid 0.2.2 (registry+https://github.com/rust-lang/crates.io-index)" = "8ccb82d61f80a663efe1f787a51b16b5a51e3314d6ac365b08639f52387b33f3"
"checksum walkdir 2.3.2 (registry+https://github.com/rust-lang/crates.io-index)" = "808cf2735cd4b6866113f648b791c6adc5714537bc222d9347bb203386ffda56"
"checksum wasm-bindgen 0.2.79 (registry+https://github.com/rust-lang/crates.io-index)" = "25f1af7423d8588a3d840681122e72e6a24ddbcb3f0ec385cac0d12d24256c06"
"checksum wasm-bindgen-backend 0.2.79 (registry+https://github.com/rust-lang/crates.io-index)" = "8b21c0df030f5a177f3cba22e9bc4322695ec43e7257d865302900290bcdedca"
"checksum wasm-bindgen-macro 0.2.79 (registry+https://github.com/rust-lang/crates.io-index)" = "2f4203d69e40a52ee523b2529a773d5ffc1dc0071801c87b3d270b471b80ed01"
"checksum wasm-bindgen-macro-support 0.2.79 (registry+https://github.com/rust-lang/crates.io-index)" = "bfa8a30d46208db204854cadbb5d4baf5fcf8071ba5bf48190c3e59937962ebc"
"checksum wasm-bindgen-shared 0.2.79 (registry+https://github.com/rust-lang/crates.io-index)" = "3d958d035c4438e28c70e4321a2911302f10135ce78a9c7834c0cab4123d06a2"
"checksum web-sys 0.3.56 (registry+https://github.com/rust-lang/crates.io-index)" = "c060b319f29dd25724f09a2ba1418f142f539b2be99fbf4d2d5a8f7330afb8eb"
"checksum winapi 0.3.9 (registry+https://github.com/rust-lang/crates.io-index)" = "5c839a674fcd7a98952e593242ea400abe93992746761e38641405d28b00f419"
"checksum winapi-i686-pc-windows-gnu 0.4.0 (registry+https://github.com/rust-lang/crates.io-index)" = "ac3b87c63620426dd9b991e5ce0329eff545bccbbb34f3be09ff6fb6ab51b7b6"
"checksum winapi-util 0.1.5 (registry+https://github.com/rust-lang/crates.io-index)" = "70ec6ce85bb158151cae5e5c87f95a8e97d2c0c4b001223f33a334e3ce5de178"
"checksum winapi-x86_64-pc-windows-gnu 0.4.0 (registry+https://github.com/rust-lang/crates.io-index)" = "712e227841d057c1ee1cd2fb22fa7e5a5461ae8e48fa2ca79ec42cfc1931183f"
