# This file is automatically @generated by Cargo.
# It is not intended for manual editing.
[[package]]
name = "atty"
version = "0.2.14"
source = "registry+https://github.com/rust-lang/crates.io-index"
dependencies = [
 "hermit-abi 0.1.19 (registry+https://github.com/rust-lang/crates.io-index)",
 "libc 0.2.131 (registry+https://github.com/rust-lang/crates.io-index)",
 "winapi 0.3.9 (registry+https://github.com/rust-lang/crates.io-index)",
]

[[package]]
name = "autocfg"
version = "1.1.0"
source = "registry+https://github.com/rust-lang/crates.io-index"

[[package]]
name = "bitflags"
version = "1.2.1"
source = "registry+https://github.com/rust-lang/crates.io-index"

[[package]]
name = "bstr"
version = "0.2.15"
source = "registry+https://github.com/rust-lang/crates.io-index"
dependencies = [
 "lazy_static 1.4.0 (registry+https://github.com/rust-lang/crates.io-index)",
 "memchr 2.3.4 (registry+https://github.com/rust-lang/crates.io-index)",
 "regex-automata 0.1.10 (registry+https://github.com/rust-lang/crates.io-index)",
 "serde 1.0.143 (registry+https://github.com/rust-lang/crates.io-index)",
]

[[package]]
name = "bumpalo"
version = "3.10.0"
source = "registry+https://github.com/rust-lang/crates.io-index"

[[package]]
name = "cast"
version = "0.2.7"
source = "registry+https://github.com/rust-lang/crates.io-index"
dependencies = [
 "rustc_version 0.4.0 (registry+https://github.com/rust-lang/crates.io-index)",
]

[[package]]
name = "cfg-if"
version = "1.0.0"
source = "registry+https://github.com/rust-lang/crates.io-index"

[[package]]
name = "clap"
version = "2.33.4"
source = "registry+https://github.com/rust-lang/crates.io-index"
dependencies = [
 "bitflags 1.2.1 (registry+https://github.com/rust-lang/crates.io-index)",
 "textwrap 0.11.0 (registry+https://github.com/rust-lang/crates.io-index)",
 "unicode-width 0.1.9 (registry+https://github.com/rust-lang/crates.io-index)",
]

[[package]]
name = "criterion"
version = "0.3.4"
source = "registry+https://github.com/rust-lang/crates.io-index"
dependencies = [
 "atty 0.2.14 (registry+https://github.com/rust-lang/crates.io-index)",
 "cast 0.2.7 (registry+https://github.com/rust-lang/crates.io-index)",
 "clap 2.33.4 (registry+https://github.com/rust-lang/crates.io-index)",
 "criterion-plot 0.4.4 (registry+https://github.com/rust-lang/crates.io-index)",
 "csv 1.1.6 (registry+https://github.com/rust-lang/crates.io-index)",
 "itertools 0.10.3 (registry+https://github.com/rust-lang/crates.io-index)",
 "lazy_static 1.4.0 (registry+https://github.com/rust-lang/crates.io-index)",
 "num-traits 0.2.15 (registry+https://github.com/rust-lang/crates.io-index)",
 "oorandom 11.1.3 (registry+https://github.com/rust-lang/crates.io-index)",
 "plotters 0.3.1 (registry+https://github.com/rust-lang/crates.io-index)",
 "rayon 1.5.3 (registry+https://github.com/rust-lang/crates.io-index)",
 "regex 1.6.0 (registry+https://github.com/rust-lang/crates.io-index)",
 "serde 1.0.143 (registry+https://github.com/rust-lang/crates.io-index)",
 "serde_cbor 0.11.2 (registry+https://github.com/rust-lang/crates.io-index)",
 "serde_derive 1.0.143 (registry+https://github.com/rust-lang/crates.io-index)",
 "serde_json 1.0.72 (registry+https://github.com/rust-lang/crates.io-index)",
 "tinytemplate 1.2.1 (registry+https://github.com/rust-lang/crates.io-index)",
 "walkdir 2.3.2 (registry+https://github.com/rust-lang/crates.io-index)",
]

[[package]]
name = "criterion-plot"
version = "0.4.4"
source = "registry+https://github.com/rust-lang/crates.io-index"
dependencies = [
 "cast 0.2.7 (registry+https://github.com/rust-lang/crates.io-index)",
 "itertools 0.10.3 (registry+https://github.com/rust-lang/crates.io-index)",
]

[[package]]
name = "crossbeam-channel"
version = "0.5.5"
source = "registry+https://github.com/rust-lang/crates.io-index"
dependencies = [
 "cfg-if 1.0.0 (registry+https://github.com/rust-lang/crates.io-index)",
 "crossbeam-utils 0.8.10 (registry+https://github.com/rust-lang/crates.io-index)",
]

[[package]]
name = "crossbeam-deque"
version = "0.8.1"
source = "registry+https://github.com/rust-lang/crates.io-index"
dependencies = [
 "cfg-if 1.0.0 (registry+https://github.com/rust-lang/crates.io-index)",
 "crossbeam-epoch 0.9.9 (registry+https://github.com/rust-lang/crates.io-index)",
 "crossbeam-utils 0.8.10 (registry+https://github.com/rust-lang/crates.io-index)",
]

[[package]]
name = "crossbeam-epoch"
version = "0.9.9"
source = "registry+https://github.com/rust-lang/crates.io-index"
dependencies = [
 "autocfg 1.1.0 (registry+https://github.com/rust-lang/crates.io-index)",
 "cfg-if 1.0.0 (registry+https://github.com/rust-lang/crates.io-index)",
 "crossbeam-utils 0.8.10 (registry+https://github.com/rust-lang/crates.io-index)",
 "memoffset 0.6.5 (registry+https://github.com/rust-lang/crates.io-index)",
 "once_cell 1.13.0 (registry+https://github.com/rust-lang/crates.io-index)",
 "scopeguard 1.1.0 (registry+https://github.com/rust-lang/crates.io-index)",
]

[[package]]
name = "crossbeam-utils"
version = "0.8.10"
source = "registry+https://github.com/rust-lang/crates.io-index"
dependencies = [
 "cfg-if 1.0.0 (registry+https://github.com/rust-lang/crates.io-index)",
 "once_cell 1.13.0 (registry+https://github.com/rust-lang/crates.io-index)",
]

[[package]]
name = "csv"
version = "1.1.6"
source = "registry+https://github.com/rust-lang/crates.io-index"
dependencies = [
 "bstr 0.2.15 (registry+https://github.com/rust-lang/crates.io-index)",
 "csv-core 0.1.10 (registry+https://github.com/rust-lang/crates.io-index)",
 "itoa 0.4.8 (registry+https://github.com/rust-lang/crates.io-index)",
 "ryu 1.0.11 (registry+https://github.com/rust-lang/crates.io-index)",
 "serde 1.0.143 (registry+https://github.com/rust-lang/crates.io-index)",
]

[[package]]
name = "csv-core"
version = "0.1.10"
source = "registry+https://github.com/rust-lang/crates.io-index"
dependencies = [
 "memchr 2.3.4 (registry+https://github.com/rust-lang/crates.io-index)",
]

[[package]]
name = "either"
version = "1.7.0"
source = "registry+https://github.com/rust-lang/crates.io-index"

[[package]]
name = "generators"
version = "0.3.0"
dependencies = [
 "primal-check 0.3.2",
 "primal-slowsieve 0.3.1",
]

[[package]]
name = "half"
version = "1.7.1"
source = "registry+https://github.com/rust-lang/crates.io-index"

[[package]]
name = "hamming"
version = "0.1.3"
source = "registry+https://github.com/rust-lang/crates.io-index"

[[package]]
name = "hermit-abi"
version = "0.1.19"
source = "registry+https://github.com/rust-lang/crates.io-index"
dependencies = [
 "libc 0.2.131 (registry+https://github.com/rust-lang/crates.io-index)",
]

[[package]]
name = "itertools"
version = "0.10.3"
source = "registry+https://github.com/rust-lang/crates.io-index"
dependencies = [
 "either 1.7.0 (registry+https://github.com/rust-lang/crates.io-index)",
]

[[package]]
name = "itoa"
version = "0.4.8"
source = "registry+https://github.com/rust-lang/crates.io-index"

[[package]]
name = "js-sys"
version = "0.3.59"
source = "registry+https://github.com/rust-lang/crates.io-index"
dependencies = [
 "wasm-bindgen 0.2.82 (registry+https://github.com/rust-lang/crates.io-index)",
]

[[package]]
name = "lazy_static"
version = "1.4.0"
source = "registry+https://github.com/rust-lang/crates.io-index"

[[package]]
name = "libc"
version = "0.2.131"
source = "registry+https://github.com/rust-lang/crates.io-index"

[[package]]
name = "log"
version = "0.4.17"
source = "registry+https://github.com/rust-lang/crates.io-index"
dependencies = [
 "cfg-if 1.0.0 (registry+https://github.com/rust-lang/crates.io-index)",
]

[[package]]
name = "memchr"
version = "2.3.4"
source = "registry+https://github.com/rust-lang/crates.io-index"

[[package]]
name = "memoffset"
version = "0.6.5"
source = "registry+https://github.com/rust-lang/crates.io-index"
dependencies = [
 "autocfg 1.1.0 (registry+https://github.com/rust-lang/crates.io-index)",
]

[[package]]
name = "num-integer"
version = "0.1.45"
source = "registry+https://github.com/rust-lang/crates.io-index"
dependencies = [
 "autocfg 1.1.0 (registry+https://github.com/rust-lang/crates.io-index)",
 "num-traits 0.2.15 (registry+https://github.com/rust-lang/crates.io-index)",
]

[[package]]
name = "num-traits"
version = "0.2.15"
source = "registry+https://github.com/rust-lang/crates.io-index"
dependencies = [
 "autocfg 1.1.0 (registry+https://github.com/rust-lang/crates.io-index)",
]

[[package]]
name = "num_cpus"
version = "1.13.1"
source = "registry+https://github.com/rust-lang/crates.io-index"
dependencies = [
 "hermit-abi 0.1.19 (registry+https://github.com/rust-lang/crates.io-index)",
 "libc 0.2.131 (registry+https://github.com/rust-lang/crates.io-index)",
]

[[package]]
name = "once_cell"
version = "1.13.0"
source = "registry+https://github.com/rust-lang/crates.io-index"

[[package]]
name = "oorandom"
version = "11.1.3"
source = "registry+https://github.com/rust-lang/crates.io-index"

[[package]]
name = "plotters"
version = "0.3.1"
source = "registry+https://github.com/rust-lang/crates.io-index"
dependencies = [
 "num-traits 0.2.15 (registry+https://github.com/rust-lang/crates.io-index)",
 "plotters-backend 0.3.2 (registry+https://github.com/rust-lang/crates.io-index)",
 "plotters-svg 0.3.1 (registry+https://github.com/rust-lang/crates.io-index)",
 "wasm-bindgen 0.2.82 (registry+https://github.com/rust-lang/crates.io-index)",
 "web-sys 0.3.59 (registry+https://github.com/rust-lang/crates.io-index)",
]

[[package]]
name = "plotters-backend"
version = "0.3.2"
source = "registry+https://github.com/rust-lang/crates.io-index"

[[package]]
name = "plotters-svg"
version = "0.3.1"
source = "registry+https://github.com/rust-lang/crates.io-index"
dependencies = [
 "plotters-backend 0.3.2 (registry+https://github.com/rust-lang/crates.io-index)",
]

[[package]]
name = "primal"
version = "0.3.1"
dependencies = [
 "criterion 0.3.4 (registry+https://github.com/rust-lang/crates.io-index)",
 "primal-check 0.3.2",
 "primal-estimate 0.3.2",
 "primal-sieve 0.3.3",
 "primal-slowsieve 0.3.1",
]

[[package]]
name = "primal-bit"
version = "0.3.1"
dependencies = [
 "hamming 0.1.3 (registry+https://github.com/rust-lang/crates.io-index)",
]

[[package]]
name = "primal-check"
version = "0.3.2"
dependencies = [
 "num-integer 0.1.45 (registry+https://github.com/rust-lang/crates.io-index)",
 "primal 0.3.1",
]

[[package]]
name = "primal-estimate"
version = "0.3.2"
dependencies = [
 "primal 0.3.1",
]

[[package]]
name = "primal-sieve"
version = "0.3.3"
dependencies = [
 "criterion 0.3.4 (registry+https://github.com/rust-lang/crates.io-index)",
 "primal 0.3.1",
 "primal-bit 0.3.1",
 "primal-estimate 0.3.2",
 "primal-slowsieve 0.3.1",
 "smallvec 1.9.0 (registry+https://github.com/rust-lang/crates.io-index)",
]

[[package]]
name = "primal-slowsieve"
version = "0.3.1"
dependencies = [
 "criterion 0.3.4 (registry+https://github.com/rust-lang/crates.io-index)",
 "primal-bit 0.3.1",
 "primal-estimate 0.3.2",
]

[[package]]
name = "proc-macro2"
version = "1.0.43"
source = "registry+https://github.com/rust-lang/crates.io-index"
dependencies = [
 "unicode-ident 1.0.3 (registry+https://github.com/rust-lang/crates.io-index)",
]

[[package]]
name = "quote"
version = "1.0.21"
source = "registry+https://github.com/rust-lang/crates.io-index"
dependencies = [
 "proc-macro2 1.0.43 (registry+https://github.com/rust-lang/crates.io-index)",
]

[[package]]
name = "rayon"
version = "1.5.3"
source = "registry+https://github.com/rust-lang/crates.io-index"
dependencies = [
 "autocfg 1.1.0 (registry+https://github.com/rust-lang/crates.io-index)",
 "crossbeam-deque 0.8.1 (registry+https://github.com/rust-lang/crates.io-index)",
 "either 1.7.0 (registry+https://github.com/rust-lang/crates.io-index)",
 "rayon-core 1.9.3 (registry+https://github.com/rust-lang/crates.io-index)",
]

[[package]]
name = "rayon-core"
version = "1.9.3"
source = "registry+https://github.com/rust-lang/crates.io-index"
dependencies = [
 "crossbeam-channel 0.5.5 (registry+https://github.com/rust-lang/crates.io-index)",
 "crossbeam-deque 0.8.1 (registry+https://github.com/rust-lang/crates.io-index)",
 "crossbeam-utils 0.8.10 (registry+https://github.com/rust-lang/crates.io-index)",
 "num_cpus 1.13.1 (registry+https://github.com/rust-lang/crates.io-index)",
]

[[package]]
name = "regex"
version = "1.6.0"
source = "registry+https://github.com/rust-lang/crates.io-index"
dependencies = [
 "regex-syntax 0.6.27 (registry+https://github.com/rust-lang/crates.io-index)",
]

[[package]]
name = "regex-automata"
version = "0.1.10"
source = "registry+https://github.com/rust-lang/crates.io-index"

[[package]]
name = "regex-syntax"
version = "0.6.27"
source = "registry+https://github.com/rust-lang/crates.io-index"

[[package]]
name = "rustc_version"
version = "0.4.0"
source = "registry+https://github.com/rust-lang/crates.io-index"
dependencies = [
 "semver 1.0.13 (registry+https://github.com/rust-lang/crates.io-index)",
]

[[package]]
name = "ryu"
version = "1.0.11"
source = "registry+https://github.com/rust-lang/crates.io-index"

[[package]]
name = "same-file"
version = "1.0.6"
source = "registry+https://github.com/rust-lang/crates.io-index"
dependencies = [
 "winapi-util 0.1.5 (registry+https://github.com/rust-lang/crates.io-index)",
]

[[package]]
name = "scopeguard"
version = "1.1.0"
source = "registry+https://github.com/rust-lang/crates.io-index"

[[package]]
name = "semver"
version = "1.0.13"
source = "registry+https://github.com/rust-lang/crates.io-index"

[[package]]
name = "serde"
version = "1.0.143"
source = "registry+https://github.com/rust-lang/crates.io-index"

[[package]]
name = "serde_cbor"
version = "0.11.2"
source = "registry+https://github.com/rust-lang/crates.io-index"
dependencies = [
 "half 1.7.1 (registry+https://github.com/rust-lang/crates.io-index)",
 "serde 1.0.143 (registry+https://github.com/rust-lang/crates.io-index)",
]

[[package]]
name = "serde_derive"
version = "1.0.143"
source = "registry+https://github.com/rust-lang/crates.io-index"
dependencies = [
 "proc-macro2 1.0.43 (registry+https://github.com/rust-lang/crates.io-index)",
 "quote 1.0.21 (registry+https://github.com/rust-lang/crates.io-index)",
 "syn 1.0.99 (registry+https://github.com/rust-lang/crates.io-index)",
]

[[package]]
name = "serde_json"
version = "1.0.72"
source = "registry+https://github.com/rust-lang/crates.io-index"
dependencies = [
 "itoa 0.4.8 (registry+https://github.com/rust-lang/crates.io-index)",
 "ryu 1.0.11 (registry+https://github.com/rust-lang/crates.io-index)",
 "serde 1.0.143 (registry+https://github.com/rust-lang/crates.io-index)",
]

[[package]]
name = "smallvec"
version = "1.9.0"
source = "registry+https://github.com/rust-lang/crates.io-index"

[[package]]
name = "syn"
version = "1.0.99"
source = "registry+https://github.com/rust-lang/crates.io-index"
dependencies = [
 "proc-macro2 1.0.43 (registry+https://github.com/rust-lang/crates.io-index)",
 "quote 1.0.21 (registry+https://github.com/rust-lang/crates.io-index)",
 "unicode-ident 1.0.3 (registry+https://github.com/rust-lang/crates.io-index)",
]

[[package]]
name = "textwrap"
version = "0.11.0"
source = "registry+https://github.com/rust-lang/crates.io-index"
dependencies = [
 "unicode-width 0.1.9 (registry+https://github.com/rust-lang/crates.io-index)",
]

[[package]]
name = "tinytemplate"
version = "1.2.1"
source = "registry+https://github.com/rust-lang/crates.io-index"
dependencies = [
 "serde 1.0.143 (registry+https://github.com/rust-lang/crates.io-index)",
 "serde_json 1.0.72 (registry+https://github.com/rust-lang/crates.io-index)",
]

[[package]]
name = "unicode-ident"
version = "1.0.3"
source = "registry+https://github.com/rust-lang/crates.io-index"

[[package]]
name = "unicode-width"
version = "0.1.9"
source = "registry+https://github.com/rust-lang/crates.io-index"

[[package]]
name = "walkdir"
version = "2.3.2"
source = "registry+https://github.com/rust-lang/crates.io-index"
dependencies = [
 "same-file 1.0.6 (registry+https://github.com/rust-lang/crates.io-index)",
 "winapi 0.3.9 (registry+https://github.com/rust-lang/crates.io-index)",
 "winapi-util 0.1.5 (registry+https://github.com/rust-lang/crates.io-index)",
]

[[package]]
name = "wasm-bindgen"
version = "0.2.82"
source = "registry+https://github.com/rust-lang/crates.io-index"
dependencies = [
 "cfg-if 1.0.0 (registry+https://github.com/rust-lang/crates.io-index)",
 "wasm-bindgen-macro 0.2.82 (registry+https://github.com/rust-lang/crates.io-index)",
]

[[package]]
name = "wasm-bindgen-backend"
version = "0.2.82"
source = "registry+https://github.com/rust-lang/crates.io-index"
dependencies = [
 "bumpalo 3.10.0 (registry+https://github.com/rust-lang/crates.io-index)",
 "log 0.4.17 (registry+https://github.com/rust-lang/crates.io-index)",
 "once_cell 1.13.0 (registry+https://github.com/rust-lang/crates.io-index)",
 "proc-macro2 1.0.43 (registry+https://github.com/rust-lang/crates.io-index)",
 "quote 1.0.21 (registry+https://github.com/rust-lang/crates.io-index)",
 "syn 1.0.99 (registry+https://github.com/rust-lang/crates.io-index)",
 "wasm-bindgen-shared 0.2.82 (registry+https://github.com/rust-lang/crates.io-index)",
]

[[package]]
name = "wasm-bindgen-macro"
version = "0.2.82"
source = "registry+https://github.com/rust-lang/crates.io-index"
dependencies = [
 "quote 1.0.21 (registry+https://github.com/rust-lang/crates.io-index)",
 "wasm-bindgen-macro-support 0.2.82 (registry+https://github.com/rust-lang/crates.io-index)",
]

[[package]]
name = "wasm-bindgen-macro-support"
version = "0.2.82"
source = "registry+https://github.com/rust-lang/crates.io-index"
dependencies = [
 "proc-macro2 1.0.43 (registry+https://github.com/rust-lang/crates.io-index)",
 "quote 1.0.21 (registry+https://github.com/rust-lang/crates.io-index)",
 "syn 1.0.99 (registry+https://github.com/rust-lang/crates.io-index)",
 "wasm-bindgen-backend 0.2.82 (registry+https://github.com/rust-lang/crates.io-index)",
 "wasm-bindgen-shared 0.2.82 (registry+https://github.com/rust-lang/crates.io-index)",
]

[[package]]
name = "wasm-bindgen-shared"
version = "0.2.82"
source = "registry+https://github.com/rust-lang/crates.io-index"

[[package]]
name = "web-sys"
version = "0.3.59"
source = "registry+https://github.com/rust-lang/crates.io-index"
dependencies = [
 "js-sys 0.3.59 (registry+https://github.com/rust-lang/crates.io-index)",
 "wasm-bindgen 0.2.82 (registry+https://github.com/rust-lang/crates.io-index)",
]

[[package]]
name = "winapi"
version = "0.3.9"
source = "registry+https://github.com/rust-lang/crates.io-index"
dependencies = [
 "winapi-i686-pc-windows-gnu 0.4.0 (registry+https://github.com/rust-lang/crates.io-index)",
 "winapi-x86_64-pc-windows-gnu 0.4.0 (registry+https://github.com/rust-lang/crates.io-index)",
]

[[package]]
name = "winapi-i686-pc-windows-gnu"
version = "0.4.0"
source = "registry+https://github.com/rust-lang/crates.io-index"

[[package]]
name = "winapi-util"
version = "0.1.5"
source = "registry+https://github.com/rust-lang/crates.io-index"
dependencies = [
 "winapi 0.3.9 (registry+https://github.com/rust-lang/crates.io-index)",
]

[[package]]
name = "winapi-x86_64-pc-windows-gnu"
version = "0.4.0"
source = "registry+https://github.com/rust-lang/crates.io-index"

[metadata]
"checksum atty 0.2.14 (registry+https://github.com/rust-lang/crates.io-index)" = "d9b39be18770d11421cdb1b9947a45dd3f37e93092cbf377614828a319d5fee8"
"checksum autocfg 1.1.0 (registry+https://github.com/rust-lang/crates.io-index)" = "d468802bab17cbc0cc575e9b053f41e72aa36bfa6b7f55e3529ffa43161b97fa"
"checksum bitflags 1.2.1 (registry+https://github.com/rust-lang/crates.io-index)" = "cf1de2fe8c75bc145a2f577add951f8134889b4795d47466a54a5c846d691693"
"checksum bstr 0.2.15 (registry+https://github.com/rust-lang/crates.io-index)" = "a40b47ad93e1a5404e6c18dec46b628214fee441c70f4ab5d6942142cc268a3d"
"checksum bumpalo 3.10.0 (registry+https://github.com/rust-lang/crates.io-index)" = "37ccbd214614c6783386c1af30caf03192f17891059cecc394b4fb119e363de3"
"checksum cast 0.2.7 (registry+https://github.com/rust-lang/crates.io-index)" = "4c24dab4283a142afa2fdca129b80ad2c6284e073930f964c3a1293c225ee39a"
"checksum cfg-if 1.0.0 (registry+https://github.com/rust-lang/crates.io-index)" = "baf1de4339761588bc0619e3cbc0120ee582ebb74b53b4efbf79117bd2da40fd"
"checksum clap 2.33.4 (registry+https://github.com/rust-lang/crates.io-index)" = "826bf7bc84f9435630275cb8e802a4a0ec792b615969934bd16d42ffed10f207"
"checksum criterion 0.3.4 (registry+https://github.com/rust-lang/crates.io-index)" = "ab327ed7354547cc2ef43cbe20ef68b988e70b4b593cbd66a2a61733123a3d23"
"checksum criterion-plot 0.4.4 (registry+https://github.com/rust-lang/crates.io-index)" = "d00996de9f2f7559f7f4dc286073197f83e92256a59ed395f9aac01fe717da57"
"checksum crossbeam-channel 0.5.5 (registry+https://github.com/rust-lang/crates.io-index)" = "4c02a4d71819009c192cf4872265391563fd6a84c81ff2c0f2a7026ca4c1d85c"
"checksum crossbeam-deque 0.8.1 (registry+https://github.com/rust-lang/crates.io-index)" = "6455c0ca19f0d2fbf751b908d5c55c1f5cbc65e03c4225427254b46890bdde1e"
"checksum crossbeam-epoch 0.9.9 (registry+https://github.com/rust-lang/crates.io-index)" = "07db9d94cbd326813772c968ccd25999e5f8ae22f4f8d1b11effa37ef6ce281d"
"checksum crossbeam-utils 0.8.10 (registry+https://github.com/rust-lang/crates.io-index)" = "7d82ee10ce34d7bc12c2122495e7593a9c41347ecdd64185af4ecf72cb1a7f83"
"checksum csv 1.1.6 (registry+https://github.com/rust-lang/crates.io-index)" = "22813a6dc45b335f9bade10bf7271dc477e81113e89eb251a0bc2a8a81c536e1"
"checksum csv-core 0.1.10 (registry+https://github.com/rust-lang/crates.io-index)" = "2b2466559f260f48ad25fe6317b3c8dac77b5bdb5763ac7d9d6103530663bc90"
"checksum either 1.7.0 (registry+https://github.com/rust-lang/crates.io-index)" = "3f107b87b6afc2a64fd13cac55fe06d6c8859f12d4b14cbcdd2c67d0976781be"
"checksum half 1.7.1 (registry+https://github.com/rust-lang/crates.io-index)" = "62aca2aba2d62b4a7f5b33f3712cb1b0692779a56fb510499d5c0aa594daeaf3"
"checksum hamming 0.1.3 (registry+https://github.com/rust-lang/crates.io-index)" = "65043da274378d68241eb9a8f8f8aa54e349136f7b8e12f63e3ef44043cc30e1"
"checksum hermit-abi 0.1.19 (registry+https://github.com/rust-lang/crates.io-index)" = "62b467343b94ba476dcb2500d242dadbb39557df889310ac77c5d99100aaac33"
"checksum itertools 0.10.3 (registry+https://github.com/rust-lang/crates.io-index)" = "a9a9d19fa1e79b6215ff29b9d6880b706147f16e9b1dbb1e4e5947b5b02bc5e3"
"checksum itoa 0.4.8 (registry+https://github.com/rust-lang/crates.io-index)" = "b71991ff56294aa922b450139ee08b3bfc70982c6b2c7562771375cf73542dd4"
"checksum js-sys 0.3.59 (registry+https://github.com/rust-lang/crates.io-index)" = "258451ab10b34f8af53416d1fdab72c22e805f0c92a1136d59470ec0b11138b2"
"checksum lazy_static 1.4.0 (registry+https://github.com/rust-lang/crates.io-index)" = "e2abad23fbc42b3700f2f279844dc832adb2b2eb069b2df918f455c4e18cc646"
"checksum libc 0.2.131 (registry+https://github.com/rust-lang/crates.io-index)" = "04c3b4822ccebfa39c02fc03d1534441b22ead323fa0f48bb7ddd8e6ba076a40"
"checksum log 0.4.17 (registry+https://github.com/rust-lang/crates.io-index)" = "abb12e687cfb44aa40f41fc3978ef76448f9b6038cad6aef4259d3c095a2382e"
"checksum memchr 2.3.4 (registry+https://github.com/rust-lang/crates.io-index)" = "0ee1c47aaa256ecabcaea351eae4a9b01ef39ed810004e298d2511ed284b1525"
"checksum memoffset 0.6.5 (registry+https://github.com/rust-lang/crates.io-index)" = "5aa361d4faea93603064a027415f07bd8e1d5c88c9fbf68bf56a285428fd79ce"
"checksum num-integer 0.1.45 (registry+https://github.com/rust-lang/crates.io-index)" = "225d3389fb3509a24c93f5c29eb6bde2586b98d9f016636dff58d7c6f7569cd9"
"checksum num-traits 0.2.15 (registry+https://github.com/rust-lang/crates.io-index)" = "578ede34cf02f8924ab9447f50c28075b4d3e5b269972345e7e0372b38c6cdcd"
"checksum num_cpus 1.13.1 (registry+https://github.com/rust-lang/crates.io-index)" = "19e64526ebdee182341572e50e9ad03965aa510cd94427a4549448f285e957a1"
"checksum once_cell 1.13.0 (registry+https://github.com/rust-lang/crates.io-index)" = "18a6dbe30758c9f83eb00cbea4ac95966305f5a7772f3f42ebfc7fc7eddbd8e1"
"checksum oorandom 11.1.3 (registry+https://github.com/rust-lang/crates.io-index)" = "0ab1bc2a289d34bd04a330323ac98a1b4bc82c9d9fcb1e66b63caa84da26b575"
"checksum plotters 0.3.1 (registry+https://github.com/rust-lang/crates.io-index)" = "32a3fd9ec30b9749ce28cd91f255d569591cdf937fe280c312143e3c4bad6f2a"
"checksum plotters-backend 0.3.2 (registry+https://github.com/rust-lang/crates.io-index)" = "d88417318da0eaf0fdcdb51a0ee6c3bed624333bff8f946733049380be67ac1c"
"checksum plotters-svg 0.3.1 (registry+https://github.com/rust-lang/crates.io-index)" = "521fa9638fa597e1dc53e9412a4f9cefb01187ee1f7413076f9e6749e2885ba9"
"checksum proc-macro2 1.0.43 (registry+https://github.com/rust-lang/crates.io-index)" = "0a2ca2c61bc9f3d74d2886294ab7b9853abd9c1ad903a3ac7815c58989bb7bab"
"checksum quote 1.0.21 (registry+https://github.com/rust-lang/crates.io-index)" = "bbe448f377a7d6961e30f5955f9b8d106c3f5e449d493ee1b125c1d43c2b5179"
"checksum rayon 1.5.3 (registry+https://github.com/rust-lang/crates.io-index)" = "bd99e5772ead8baa5215278c9b15bf92087709e9c1b2d1f97cdb5a183c933a7d"
"checksum rayon-core 1.9.3 (registry+https://github.com/rust-lang/crates.io-index)" = "258bcdb5ac6dad48491bb2992db6b7cf74878b0384908af124823d118c99683f"
"checksum regex 1.6.0 (registry+https://github.com/rust-lang/crates.io-index)" = "4c4eb3267174b8c6c2f654116623910a0fef09c4753f8dd83db29c48a0df988b"
"checksum regex-automata 0.1.10 (registry+https://github.com/rust-lang/crates.io-index)" = "6c230d73fb8d8c1b9c0b3135c5142a8acee3a0558fb8db5cf1cb65f8d7862132"
"checksum regex-syntax 0.6.27 (registry+https://github.com/rust-lang/crates.io-index)" = "a3f87b73ce11b1619a3c6332f45341e0047173771e8b8b73f87bfeefb7b56244"
"checksum rustc_version 0.4.0 (registry+https://github.com/rust-lang/crates.io-index)" = "bfa0f585226d2e68097d4f95d113b15b83a82e819ab25717ec0590d9584ef366"
"checksum ryu 1.0.11 (registry+https://github.com/rust-lang/crates.io-index)" = "4501abdff3ae82a1c1b477a17252eb69cee9e66eb915c1abaa4f44d873df9f09"
"checksum same-file 1.0.6 (registry+https://github.com/rust-lang/crates.io-index)" = "93fc1dc3aaa9bfed95e02e6eadabb4baf7e3078b0bd1b4d7b6b0b68378900502"
"checksum scopeguard 1.1.0 (registry+https://github.com/rust-lang/crates.io-index)" = "d29ab0c6d3fc0ee92fe66e2d99f700eab17a8d57d1c1d3b748380fb20baa78cd"
"checksum semver 1.0.13 (registry+https://github.com/rust-lang/crates.io-index)" = "93f6841e709003d68bb2deee8c343572bf446003ec20a583e76f7b15cebf3711"
"checksum serde 1.0.143 (registry+https://github.com/rust-lang/crates.io-index)" = "53e8e5d5b70924f74ff5c6d64d9a5acd91422117c60f48c4e07855238a254553"
"checksum serde_cbor 0.11.2 (registry+https://github.com/rust-lang/crates.io-index)" = "2bef2ebfde456fb76bbcf9f59315333decc4fda0b2b44b420243c11e0f5ec1f5"
"checksum serde_derive 1.0.143 (registry+https://github.com/rust-lang/crates.io-index)" = "d3d8e8de557aee63c26b85b947f5e59b690d0454c753f3adeb5cd7835ab88391"
"checksum serde_json 1.0.72 (registry+https://github.com/rust-lang/crates.io-index)" = "d0ffa0837f2dfa6fb90868c2b5468cad482e175f7dad97e7421951e663f2b527"
"checksum smallvec 1.9.0 (registry+https://github.com/rust-lang/crates.io-index)" = "2fd0db749597d91ff862fd1d55ea87f7855a744a8425a64695b6fca237d1dad1"
"checksum syn 1.0.99 (registry+https://github.com/rust-lang/crates.io-index)" = "58dbef6ec655055e20b86b15a8cc6d439cca19b667537ac6a1369572d151ab13"
"checksum textwrap 0.11.0 (registry+https://github.com/rust-lang/crates.io-index)" = "d326610f408c7a4eb6f51c37c330e496b08506c9457c9d34287ecc38809fb060"
"checksum tinytemplate 1.2.1 (registry+https://github.com/rust-lang/crates.io-index)" = "be4d6b5f19ff7664e8c98d03e2139cb510db9b0a60b55f8e8709b689d939b6bc"
"checksum unicode-ident 1.0.3 (registry+https://github.com/rust-lang/crates.io-index)" = "c4f5b37a154999a8f3f98cc23a628d850e154479cd94decf3414696e12e31aaf"
"checksum unicode-width 0.1.9 (registry+https://github.com/rust-lang/crates.io-index)" = "3ed742d4ea2bd1176e236172c8429aaf54486e7ac098db29ffe6529e0ce50973"
"checksum walkdir 2.3.2 (registry+https://github.com/rust-lang/crates.io-index)" = "808cf2735cd4b6866113f648b791c6adc5714537bc222d9347bb203386ffda56"
"checksum wasm-bindgen 0.2.82 (registry+https://github.com/rust-lang/crates.io-index)" = "fc7652e3f6c4706c8d9cd54832c4a4ccb9b5336e2c3bd154d5cccfbf1c1f5f7d"
"checksum wasm-bindgen-backend 0.2.82 (registry+https://github.com/rust-lang/crates.io-index)" = "662cd44805586bd52971b9586b1df85cdbbd9112e4ef4d8f41559c334dc6ac3f"
"checksum wasm-bindgen-macro 0.2.82 (registry+https://github.com/rust-lang/crates.io-index)" = "b260f13d3012071dfb1512849c033b1925038373aea48ced3012c09df952c602"
"checksum wasm-bindgen-macro-support 0.2.82 (registry+https://github.com/rust-lang/crates.io-index)" = "5be8e654bdd9b79216c2929ab90721aa82faf65c48cdf08bdc4e7f51357b80da"
"checksum wasm-bindgen-shared 0.2.82 (registry+https://github.com/rust-lang/crates.io-index)" = "6598dd0bd3c7d51095ff6531a5b23e02acdc81804e30d8f07afb77b7215a140a"
"checksum web-sys 0.3.59 (registry+https://github.com/rust-lang/crates.io-index)" = "ed055ab27f941423197eb86b2035720b1a3ce40504df082cac2ecc6ed73335a1"
"checksum winapi 0.3.9 (registry+https://github.com/rust-lang/crates.io-index)" = "5c839a674fcd7a98952e593242ea400abe93992746761e38641405d28b00f419"
"checksum winapi-i686-pc-windows-gnu 0.4.0 (registry+https://github.com/rust-lang/crates.io-index)" = "ac3b87c63620426dd9b991e5ce0329eff545bccbbb34f3be09ff6fb6ab51b7b6"
"checksum winapi-util 0.1.5 (registry+https://github.com/rust-lang/crates.io-index)" = "70ec6ce85bb158151cae5e5c87f95a8e97d2c0c4b001223f33a334e3ce5de178"
"checksum winapi-x86_64-pc-windows-gnu 0.4.0 (registry+https://github.com/rust-lang/crates.io-index)" = "712e227841d057c1ee1cd2fb22fa7e5a5461ae8e48fa2ca79ec42cfc1931183f"
